
Microsoft Visual Studio Solution File, Format Version 12.00
# Visual Studio Version 16
VisualStudioVersion = 16.0.30611.23
MinimumVisualStudioVersion = 10.0.40219.1
Project("{FAE04EC0-301F-11D3-BF4B-00C04F79EFBC}") = "KSU.CIS.640.VendingMachine", "KSU.CIS.640.VendingMachine\KSU.CIS.640.VendingMachine.csproj", "{72A7DAB6-051F-4DA9-8A46-B1FF903A6B77}"
EndProject
Global
	GlobalSection(SolutionConfigurationPlatforms) = preSolution
		Debug|Any CPU = Debug|Any CPU
		Release|Any CPU = Release|Any CPU
	EndGlobalSection
	GlobalSection(ProjectConfigurationPlatforms) = postSolution
		{72A7DAB6-051F-4DA9-8A46-B1FF903A6B77}.Debug|Any CPU.ActiveCfg = Debug|Any CPU
		{72A7DAB6-051F-4DA9-8A46-B1FF903A6B77}.Debug|Any CPU.Build.0 = Debug|Any CPU
		{72A7DAB6-051F-4DA9-8A46-B1FF903A6B77}.Release|Any CPU.ActiveCfg = Release|Any CPU
		{72A7DAB6-051F-4DA9-8A46-B1FF903A6B77}.Release|Any CPU.Build.0 = Release|Any CPU
	EndGlobalSection
	GlobalSection(SolutionProperties) = preSolution
		HideSolutionNode = FALSE
	EndGlobalSection
	GlobalSection(ExtensibilityGlobals) = postSolution
		SolutionGuid = {B6DA70E8-0634-47AB-B532-21DBA96A40FE}
	EndGlobalSection
EndGlobal
